
Microsoft Visual Studio Solution File, Format Version 12.00
# Visual Studio Version 17
VisualStudioVersion = 17.14.36804.6 d17.14
MinimumVisualStudioVersion = 10.0.40219.1
Project("{FAE04EC0-301F-11D3-BF4B-00C04F79EFBC}") = "PortalHub", "PortalHub\PortalHub.csproj", "{3876A5C2-3444-46FF-9606-77680DA6CCE4}"
EndProject
Global
	GlobalSection(SolutionConfigurationPlatforms) = preSolution
		Debug|Any CPU = Debug|Any CPU
		Release|Any CPU = Release|Any CPU
	EndGlobalSection
	GlobalSection(ProjectConfigurationPlatforms) = postSolution
		{3876A5C2-3444-46FF-9606-77680DA6CCE4}.Debug|Any CPU.ActiveCfg = Debug|Any CPU
		{3876A5C2-3444-46FF-9606-77680DA6CCE4}.Debug|Any CPU.Build.0 = Debug|Any CPU
		{3876A5C2-3444-46FF-9606-77680DA6CCE4}.Release|Any CPU.ActiveCfg = Release|Any CPU
		{3876A5C2-3444-46FF-9606-77680DA6CCE4}.Release|Any CPU.Build.0 = Release|Any CPU
	EndGlobalSection
	GlobalSection(SolutionProperties) = preSolution
		HideSolutionNode = FALSE
	EndGlobalSection
	GlobalSection(ExtensibilityGlobals) = postSolution
		SolutionGuid = {F68D5E7E-413E-44D0-AE75-36B1BB836118}
	EndGlobalSection
EndGlobal
